
Microsoft Visual Studio Solution File, Format Version 12.00
# Visual Studio 15
VisualStudioVersion = 15.0.27004.2002
MinimumVisualStudioVersion = 10.0.40219.1
Project("{FAE04EC0-301F-11D3-BF4B-00C04F79EFBC}") = "SearchTrees", "SearchTrees\SearchTrees.csproj", "{92DCFDE8-6201-4C77-8B5D-6C1023B59DB7}"
EndProject
Project("{FAE04EC0-301F-11D3-BF4B-00C04F79EFBC}") = "Benchmarking", "Benchmarking\Benchmarking.csproj", "{4789B7D1-3039-4E30-8EE5-70B4036F4489}"
EndProject
Project("{FAE04EC0-301F-11D3-BF4B-00C04F79EFBC}") = "Program", "Program\Program.csproj", "{9C7A1D11-EC24-405F-AC2E-DB644DE06636}"
EndProject
Global
	GlobalSection(SolutionConfigurationPlatforms) = preSolution
		Debug|Any CPU = Debug|Any CPU
		Release|Any CPU = Release|Any CPU
	EndGlobalSection
	GlobalSection(ProjectConfigurationPlatforms) = postSolution
		{92DCFDE8-6201-4C77-8B5D-6C1023B59DB7}.Debug|Any CPU.ActiveCfg = Debug|Any CPU
		{92DCFDE8-6201-4C77-8B5D-6C1023B59DB7}.Debug|Any CPU.Build.0 = Debug|Any CPU
		{92DCFDE8-6201-4C77-8B5D-6C1023B59DB7}.Release|Any CPU.ActiveCfg = Release|Any CPU
		{92DCFDE8-6201-4C77-8B5D-6C1023B59DB7}.Release|Any CPU.Build.0 = Release|Any CPU
		{4789B7D1-3039-4E30-8EE5-70B4036F4489}.Debug|Any CPU.ActiveCfg = Debug|Any CPU
		{4789B7D1-3039-4E30-8EE5-70B4036F4489}.Debug|Any CPU.Build.0 = Debug|Any CPU
		{4789B7D1-3039-4E30-8EE5-70B4036F4489}.Release|Any CPU.ActiveCfg = Release|Any CPU
		{4789B7D1-3039-4E30-8EE5-70B4036F4489}.Release|Any CPU.Build.0 = Release|Any CPU
		{9C7A1D11-EC24-405F-AC2E-DB644DE06636}.Debug|Any CPU.ActiveCfg = Debug|Any CPU
		{9C7A1D11-EC24-405F-AC2E-DB644DE06636}.Debug|Any CPU.Build.0 = Debug|Any CPU
		{9C7A1D11-EC24-405F-AC2E-DB644DE06636}.Release|Any CPU.ActiveCfg = Release|Any CPU
		{9C7A1D11-EC24-405F-AC2E-DB644DE06636}.Release|Any CPU.Build.0 = Release|Any CPU
	EndGlobalSection
	GlobalSection(SolutionProperties) = preSolution
		HideSolutionNode = FALSE
	EndGlobalSection
	GlobalSection(ExtensibilityGlobals) = postSolution
		SolutionGuid = {F26491F9-5729-4C5C-ABB9-19DCB6F21E16}
	EndGlobalSection
EndGlobal
